
Microsoft Visual Studio Solution File, Format Version 12.00
# Visual Studio Version 16
VisualStudioVersion = 16.0.30128.74
MinimumVisualStudioVersion = 10.0.40219.1
Project("{FAE04EC0-301F-11D3-BF4B-00C04F79EFBC}") = "mapingTest", "mapingTest.csproj", "{9726CE7D-EBA3-4E04-8399-8D6DA7C87863}"
EndProject
Global
	GlobalSection(SolutionConfigurationPlatforms) = preSolution
		Debug|Any CPU = Debug|Any CPU
		Release|Any CPU = Release|Any CPU
	EndGlobalSection
	GlobalSection(ProjectConfigurationPlatforms) = postSolution
		{9726CE7D-EBA3-4E04-8399-8D6DA7C87863}.Debug|Any CPU.ActiveCfg = Debug|Any CPU
		{9726CE7D-EBA3-4E04-8399-8D6DA7C87863}.Debug|Any CPU.Build.0 = Debug|Any CPU
		{9726CE7D-EBA3-4E04-8399-8D6DA7C87863}.Release|Any CPU.ActiveCfg = Release|Any CPU
		{9726CE7D-EBA3-4E04-8399-8D6DA7C87863}.Release|Any CPU.Build.0 = Release|Any CPU
	EndGlobalSection
	GlobalSection(SolutionProperties) = preSolution
		HideSolutionNode = FALSE
	EndGlobalSection
	GlobalSection(ExtensibilityGlobals) = postSolution
		SolutionGuid = {D91E3D8E-40AA-429F-ACBE-7F2D427EE800}
	EndGlobalSection
EndGlobal
